// !$*UTF8*$!
{
	archiveVersion = 1;
	classes = {
	};
	objectVersion = 52;
	objects = {

/* Begin PBXBuildFile section */
		853E1881250D0A6700E94CC3 /* NavigationStack in Frameworks */ = {isa = PBXBuildFile; productRef = 853E1880250D0A6700E94CC3 /* NavigationStack */; };
		853E1883250F3C6E00E94CC3 /* Extensions.swift in Sources */ = {isa = PBXBuildFile; fileRef = 853E1882250F3C6E00E94CC3 /* Extensions.swift */; };
		853E1885250F4EEB00E94CC3 /* StatusBarStyleKey.swift in Sources */ = {isa = PBXBuildFile; fileRef = 853E1884250F4EEB00E94CC3 /* StatusBarStyleKey.swift */; };
		853E1889250F50B400E94CC3 /* HostingController.swift in Sources */ = {isa = PBXBuildFile; fileRef = 853E1888250F50B400E94CC3 /* HostingController.swift */; };
		853E188B250F5A0800E94CC3 /* NavigationHeaderView.swift in Sources */ = {isa = PBXBuildFile; fileRef = 853E188A250F5A0800E94CC3 /* NavigationHeaderView.swift */; };
		85991D5A250A9D2F008E7DE6 /* MapView.swift in Sources */ = {isa = PBXBuildFile; fileRef = 85991D59250A9D2F008E7DE6 /* MapView.swift */; };
		85991D5C250B96B6008E7DE6 /* UserData.swift in Sources */ = {isa = PBXBuildFile; fileRef = 85991D5B250B96B6008E7DE6 /* UserData.swift */; };
		85991D5E250B9716008E7DE6 /* MenuItemView.swift in Sources */ = {isa = PBXBuildFile; fileRef = 85991D5D250B9716008E7DE6 /* MenuItemView.swift */; };
		85991D60250B97DC008E7DE6 /* Constants.swift in Sources */ = {isa = PBXBuildFile; fileRef = 85991D5F250B97DC008E7DE6 /* Constants.swift */; };
		85991D62250B9850008E7DE6 /* BookLessonActivationView.swift in Sources */ = {isa = PBXBuildFile; fileRef = 85991D61250B9850008E7DE6 /* BookLessonActivationView.swift */; };
		85991D66250B997A008E7DE6 /* MenuButtonView.swift in Sources */ = {isa = PBXBuildFile; fileRef = 85991D65250B997A008E7DE6 /* MenuButtonView.swift */; };
		85991D68250B9B7D008E7DE6 /* BlackView.swift in Sources */ = {isa = PBXBuildFile; fileRef = 85991D67250B9B7D008E7DE6 /* BlackView.swift */; };
		85991D6B250B9CB1008E7DE6 /* MenuView.swift in Sources */ = {isa = PBXBuildFile; fileRef = 85991D6A250B9CB1008E7DE6 /* MenuView.swift */; };
		85991D6D250BB26B008E7DE6 /* LocationHandler.swift in Sources */ = {isa = PBXBuildFile; fileRef = 85991D6C250BB26B008E7DE6 /* LocationHandler.swift */; };
		85991D70250BB8F2008E7DE6 /* MapKit.framework in Frameworks */ = {isa = PBXBuildFile; fileRef = 85991D6F250BB8F2008E7DE6 /* MapKit.framework */; };
		85991D72250CB7AA008E7DE6 /* MenuRouter.swift in Sources */ = {isa = PBXBuildFile; fileRef = 85991D71250CB7AA008E7DE6 /* MenuRouter.swift */; };
		85B6B1A7250755EE0009E3E0 /* AppDelegate.swift in Sources */ = {isa = PBXBuildFile; fileRef = 85B6B1A6250755EE0009E3E0 /* AppDelegate.swift */; };
		85B6B1A9250755EE0009E3E0 /* SceneDelegate.swift in Sources */ = {isa = PBXBuildFile; fileRef = 85B6B1A8250755EE0009E3E0 /* SceneDelegate.swift */; };
		85B6B1AB250755EE0009E3E0 /* HomeView.swift in Sources */ = {isa = PBXBuildFile; fileRef = 85B6B1AA250755EE0009E3E0 /* HomeView.swift */; };
		85B6B1AD250755F10009E3E0 /* Assets.xcassets in Resources */ = {isa = PBXBuildFile; fileRef = 85B6B1AC250755F10009E3E0 /* Assets.xcassets */; };
		85B6B1B0250755F10009E3E0 /* Preview Assets.xcassets in Resources */ = {isa = PBXBuildFile; fileRef = 85B6B1AF250755F10009E3E0 /* Preview Assets.xcassets */; };
		85B6B1B3250755F10009E3E0 /* LaunchScreen.storyboard in Resources */ = {isa = PBXBuildFile; fileRef = 85B6B1B1250755F10009E3E0 /* LaunchScreen.storyboard */; };
		85B6B1BE250755F20009E3E0 /* newxcodeTests.swift in Sources */ = {isa = PBXBuildFile; fileRef = 85B6B1BD250755F20009E3E0 /* newxcodeTests.swift */; };
		85B6B1C9250755F20009E3E0 /* newxcodeUITests.swift in Sources */ = {isa = PBXBuildFile; fileRef = 85B6B1C8250755F20009E3E0 /* newxcodeUITests.swift */; };
/* End PBXBuildFile section */

/* Begin PBXContainerItemProxy section */
		85B6B1BA250755F20009E3E0 /* PBXContainerItemProxy */ = {
			isa = PBXContainerItemProxy;
			containerPortal = 85B6B19B250755EE0009E3E0 /* Project object */;
			proxyType = 1;
			remoteGlobalIDString = 85B6B1A2250755EE0009E3E0;
			remoteInfo = newxcode;
		};
		85B6B1C5250755F20009E3E0 /* PBXContainerItemProxy */ = {
			isa = PBXContainerItemProxy;
			containerPortal = 85B6B19B250755EE0009E3E0 /* Project object */;
			proxyType = 1;
			remoteGlobalIDString = 85B6B1A2250755EE0009E3E0;
			remoteInfo = newxcode;
		};
/* End PBXContainerItemProxy section */

/* Begin PBXFileReference section */
		853E1882250F3C6E00E94CC3 /* Extensions.swift */ = {isa = PBXFileReference; lastKnownFileType = sourcecode.swift; path = Extensions.swift; sourceTree = "<group>"; };
		853E1884250F4EEB00E94CC3 /* StatusBarStyleKey.swift */ = {isa = PBXFileReference; lastKnownFileType = sourcecode.swift; path = StatusBarStyleKey.swift; sourceTree = "<group>"; };
		853E1888250F50B400E94CC3 /* HostingController.swift */ = {isa = PBXFileReference; lastKnownFileType = sourcecode.swift; path = HostingController.swift; sourceTree = "<group>"; };
		853E188A250F5A0800E94CC3 /* NavigationHeaderView.swift */ = {isa = PBXFileReference; lastKnownFileType = sourcecode.swift; path = NavigationHeaderView.swift; sourceTree = "<group>"; };
		85991D59250A9D2F008E7DE6 /* MapView.swift */ = {isa = PBXFileReference; lastKnownFileType = sourcecode.swift; path = MapView.swift; sourceTree = "<group>"; };
		85991D5B250B96B6008E7DE6 /* UserData.swift */ = {isa = PBXFileReference; lastKnownFileType = sourcecode.swift; path = UserData.swift; sourceTree = "<group>"; };
		85991D5D250B9716008E7DE6 /* MenuItemView.swift */ = {isa = PBXFileReference; lastKnownFileType = sourcecode.swift; path = MenuItemView.swift; sourceTree = "<group>"; };
		85991D5F250B97DC008E7DE6 /* Constants.swift */ = {isa = PBXFileReference; lastKnownFileType = sourcecode.swift; path = Constants.swift; sourceTree = "<group>"; };
		85991D61250B9850008E7DE6 /* BookLessonActivationView.swift */ = {isa = PBXFileReference; lastKnownFileType = sourcecode.swift; path = BookLessonActivationView.swift; sourceTree = "<group>"; };
		85991D65250B997A008E7DE6 /* MenuButtonView.swift */ = {isa = PBXFileReference; lastKnownFileType = sourcecode.swift; path = MenuButtonView.swift; sourceTree = "<group>"; };
		85991D67250B9B7D008E7DE6 /* BlackView.swift */ = {isa = PBXFileReference; lastKnownFileType = sourcecode.swift; path = BlackView.swift; sourceTree = "<group>"; };
		85991D6A250B9CB1008E7DE6 /* MenuView.swift */ = {isa = PBXFileReference; lastKnownFileType = sourcecode.swift; path = MenuView.swift; sourceTree = "<group>"; };
		85991D6C250BB26B008E7DE6 /* LocationHandler.swift */ = {isa = PBXFileReference; lastKnownFileType = sourcecode.swift; path = LocationHandler.swift; sourceTree = "<group>"; };
		85991D6F250BB8F2008E7DE6 /* MapKit.framework */ = {isa = PBXFileReference; lastKnownFileType = wrapper.framework; name = MapKit.framework; path = System/Library/Frameworks/MapKit.framework; sourceTree = SDKROOT; };
		85991D71250CB7AA008E7DE6 /* MenuRouter.swift */ = {isa = PBXFileReference; lastKnownFileType = sourcecode.swift; path = MenuRouter.swift; sourceTree = "<group>"; };
		85B6B1A3250755EE0009E3E0 /* newxcode.app */ = {isa = PBXFileReference; explicitFileType = wrapper.application; includeInIndex = 0; path = newxcode.app; sourceTree = BUILT_PRODUCTS_DIR; };
		85B6B1A6250755EE0009E3E0 /* AppDelegate.swift */ = {isa = PBXFileReference; lastKnownFileType = sourcecode.swift; path = AppDelegate.swift; sourceTree = "<group>"; };
		85B6B1A8250755EE0009E3E0 /* SceneDelegate.swift */ = {isa = PBXFileReference; lastKnownFileType = sourcecode.swift; path = SceneDelegate.swift; sourceTree = "<group>"; };
		85B6B1AA250755EE0009E3E0 /* HomeView.swift */ = {isa = PBXFileReference; lastKnownFileType = sourcecode.swift; path = HomeView.swift; sourceTree = "<group>"; };
		85B6B1AC250755F10009E3E0 /* Assets.xcassets */ = {isa = PBXFileReference; lastKnownFileType = folder.assetcatalog; path = Assets.xcassets; sourceTree = "<group>"; };
		85B6B1AF250755F10009E3E0 /* Preview Assets.xcassets */ = {isa = PBXFileReference; lastKnownFileType = folder.assetcatalog; path = "Preview Assets.xcassets"; sourceTree = "<group>"; };
		85B6B1B2250755F10009E3E0 /* Base */ = {isa = PBXFileReference; lastKnownFileType = file.storyboard; name = Base; path = Base.lproj/LaunchScreen.storyboard; sourceTree = "<group>"; };
		85B6B1B4250755F10009E3E0 /* Info.plist */ = {isa = PBXFileReference; lastKnownFileType = text.plist.xml; path = Info.plist; sourceTree = "<group>"; };
		85B6B1B9250755F20009E3E0 /* newxcodeTests.xctest */ = {isa = PBXFileReference; explicitFileType = wrapper.cfbundle; includeInIndex = 0; path = newxcodeTests.xctest; sourceTree = BUILT_PRODUCTS_DIR; };
		85B6B1BD250755F20009E3E0 /* newxcodeTests.swift */ = {isa = PBXFileReference; lastKnownFileType = sourcecode.swift; path = newxcodeTests.swift; sourceTree = "<group>"; };
		85B6B1BF250755F20009E3E0 /* Info.plist */ = {isa = PBXFileReference; lastKnownFileType = text.plist.xml; path = Info.plist; sourceTree = "<group>"; };
		85B6B1C4250755F20009E3E0 /* newxcodeUITests.xctest */ = {isa = PBXFileReference; explicitFileType = wrapper.cfbundle; includeInIndex = 0; path = newxcodeUITests.xctest; sourceTree = BUILT_PRODUCTS_DIR; };
		85B6B1C8250755F20009E3E0 /* newxcodeUITests.swift */ = {isa = PBXFileReference; lastKnownFileType = sourcecode.swift; path = newxcodeUITests.swift; sourceTree = "<group>"; };
		85B6B1CA250755F20009E3E0 /* Info.plist */ = {isa = PBXFileReference; lastKnownFileType = text.plist.xml; path = Info.plist; sourceTree = "<group>"; };
/* End PBXFileReference section */

/* Begin PBXFrameworksBuildPhase section */
		85B6B1A0250755EE0009E3E0 /* Frameworks */ = {
			isa = PBXFrameworksBuildPhase;
			buildActionMask = 2147483647;
			files = (
				85991D70250BB8F2008E7DE6 /* MapKit.framework in Frameworks */,
				853E1881250D0A6700E94CC3 /* NavigationStack in Frameworks */,
			);
			runOnlyForDeploymentPostprocessing = 0;
		};
		85B6B1B6250755F20009E3E0 /* Frameworks */ = {
			isa = PBXFrameworksBuildPhase;
			buildActionMask = 2147483647;
			files = (
			);
			runOnlyForDeploymentPostprocessing = 0;
		};
		85B6B1C1250755F20009E3E0 /* Frameworks */ = {
			isa = PBXFrameworksBuildPhase;
			buildActionMask = 2147483647;
			files = (
			);
			runOnlyForDeploymentPostprocessing = 0;
		};
/* End PBXFrameworksBuildPhase section */

/* Begin PBXGroup section */
		85991D63250B992D008E7DE6 /* Views */ = {
			isa = PBXGroup;
			children = (
				85991D64250B9958008E7DE6 /* Side Menu */,
				85991D69250B9BCB008E7DE6 /* Home */,
			);
			path = Views;
			sourceTree = "<group>";
		};
		85991D64250B9958008E7DE6 /* Side Menu */ = {
			isa = PBXGroup;
			children = (
				85991D5D250B9716008E7DE6 /* MenuItemView.swift */,
				85991D65250B997A008E7DE6 /* MenuButtonView.swift */,
				85991D67250B9B7D008E7DE6 /* BlackView.swift */,
				85991D6A250B9CB1008E7DE6 /* MenuView.swift */,
				85991D71250CB7AA008E7DE6 /* MenuRouter.swift */,
				853E188A250F5A0800E94CC3 /* NavigationHeaderView.swift */,
			);
			path = "Side Menu";
			sourceTree = "<group>";
		};
		85991D69250B9BCB008E7DE6 /* Home */ = {
			isa = PBXGroup;
			children = (
				85991D59250A9D2F008E7DE6 /* MapView.swift */,
				85B6B1AA250755EE0009E3E0 /* HomeView.swift */,
				85991D61250B9850008E7DE6 /* BookLessonActivationView.swift */,
			);
			path = Home;
			sourceTree = "<group>";
		};
		85991D6E250BB8F2008E7DE6 /* Frameworks */ = {
			isa = PBXGroup;
			children = (
				85991D6F250BB8F2008E7DE6 /* MapKit.framework */,
			);
			name = Frameworks;
			sourceTree = "<group>";
		};
		85B6B19A250755EE0009E3E0 = {
			isa = PBXGroup;
			children = (
				85B6B1A5250755EE0009E3E0 /* newxcode */,
				85B6B1BC250755F20009E3E0 /* newxcodeTests */,
				85B6B1C7250755F20009E3E0 /* newxcodeUITests */,
				85B6B1A4250755EE0009E3E0 /* Products */,
				85991D6E250BB8F2008E7DE6 /* Frameworks */,
			);
			sourceTree = "<group>";
		};
		85B6B1A4250755EE0009E3E0 /* Products */ = {
			isa = PBXGroup;
			children = (
				85B6B1A3250755EE0009E3E0 /* newxcode.app */,
				85B6B1B9250755F20009E3E0 /* newxcodeTests.xctest */,
				85B6B1C4250755F20009E3E0 /* newxcodeUITests.xctest */,
			);
			name = Products;
			sourceTree = "<group>";
		};
		85B6B1A5250755EE0009E3E0 /* newxcode */ = {
			isa = PBXGroup;
			children = (
				85B6B1A6250755EE0009E3E0 /* AppDelegate.swift */,
				85B6B1A8250755EE0009E3E0 /* SceneDelegate.swift */,
				85991D63250B992D008E7DE6 /* Views */,
				85B6B1AC250755F10009E3E0 /* Assets.xcassets */,
				85B6B1B1250755F10009E3E0 /* LaunchScreen.storyboard */,
				85B6B1B4250755F10009E3E0 /* Info.plist */,
				85B6B1AE250755F10009E3E0 /* Preview Content */,
				85991D5B250B96B6008E7DE6 /* UserData.swift */,
				85991D5F250B97DC008E7DE6 /* Constants.swift */,
				85991D6C250BB26B008E7DE6 /* LocationHandler.swift */,
				853E1882250F3C6E00E94CC3 /* Extensions.swift */,
				853E1884250F4EEB00E94CC3 /* StatusBarStyleKey.swift */,
				853E1888250F50B400E94CC3 /* HostingController.swift */,
			);
			path = newxcode;
			sourceTree = "<group>";
		};
		85B6B1AE250755F10009E3E0 /* Preview Content */ = {
			isa = PBXGroup;
			children = (
				85B6B1AF250755F10009E3E0 /* Preview Assets.xcassets */,
			);
			path = "Preview Content";
			sourceTree = "<group>";
		};
		85B6B1BC250755F20009E3E0 /* newxcodeTests */ = {
			isa = PBXGroup;
			children = (
				85B6B1BD250755F20009E3E0 /* newxcodeTests.swift */,
				85B6B1BF250755F20009E3E0 /* Info.plist */,
			);
			path = newxcodeTests;
			sourceTree = "<group>";
		};
		85B6B1C7250755F20009E3E0 /* newxcodeUITests */ = {
			isa = PBXGroup;
			children = (
				85B6B1C8250755F20009E3E0 /* newxcodeUITests.swift */,
				85B6B1CA250755F20009E3E0 /* Info.plist */,
			);
			path = newxcodeUITests;
			sourceTree = "<group>";
		};
/* End PBXGroup section */

/* Begin PBXNativeTarget section */
		85B6B1A2250755EE0009E3E0 /* newxcode */ = {
			isa = PBXNativeTarget;
			buildConfigurationList = 85B6B1CD250755F20009E3E0 /* Build configuration list for PBXNativeTarget "newxcode" */;
			buildPhases = (
				85B6B19F250755EE0009E3E0 /* Sources */,
				85B6B1A0250755EE0009E3E0 /* Frameworks */,
				85B6B1A1250755EE0009E3E0 /* Resources */,
			);
			buildRules = (
			);
			dependencies = (
			);
			name = newxcode;
			packageProductDependencies = (
				853E1880250D0A6700E94CC3 /* NavigationStack */,
			);
			productName = newxcode;
			productReference = 85B6B1A3250755EE0009E3E0 /* newxcode.app */;
			productType = "com.apple.product-type.application";
		};
		85B6B1B8250755F20009E3E0 /* newxcodeTests */ = {
			isa = PBXNativeTarget;
			buildConfigurationList = 85B6B1D0250755F20009E3E0 /* Build configuration list for PBXNativeTarget "newxcodeTests" */;
			buildPhases = (
				85B6B1B5250755F20009E3E0 /* Sources */,
				85B6B1B6250755F20009E3E0 /* Frameworks */,
				85B6B1B7250755F20009E3E0 /* Resources */,
			);
			buildRules = (
			);
			dependencies = (
				85B6B1BB250755F20009E3E0 /* PBXTargetDependency */,
			);
			name = newxcodeTests;
			productName = newxcodeTests;
			productReference = 85B6B1B9250755F20009E3E0 /* newxcodeTests.xctest */;
			productType = "com.apple.product-type.bundle.unit-test";
		};
		85B6B1C3250755F20009E3E0 /* newxcodeUITests */ = {
			isa = PBXNativeTarget;
			buildConfigurationList = 85B6B1D3250755F20009E3E0 /* Build configuration list for PBXNativeTarget "newxcodeUITests" */;
			buildPhases = (
				85B6B1C0250755F20009E3E0 /* Sources */,
				85B6B1C1250755F20009E3E0 /* Frameworks */,
				85B6B1C2250755F20009E3E0 /* Resources */,
			);
			buildRules = (
			);
			dependencies = (
				85B6B1C6250755F20009E3E0 /* PBXTargetDependency */,
			);
			name = newxcodeUITests;
			productName = newxcodeUITests;
			productReference = 85B6B1C4250755F20009E3E0 /* newxcodeUITests.xctest */;
			productType = "com.apple.product-type.bundle.ui-testing";
		};
/* End PBXNativeTarget section */

/* Begin PBXProject section */
		85B6B19B250755EE0009E3E0 /* Project object */ = {
			isa = PBXProject;
			attributes = {
				LastSwiftUpdateCheck = 1200;
				LastUpgradeCheck = 1200;
				TargetAttributes = {
					85B6B1A2250755EE0009E3E0 = {
						CreatedOnToolsVersion = 12.0;
					};
					85B6B1B8250755F20009E3E0 = {
						CreatedOnToolsVersion = 12.0;
						TestTargetID = 85B6B1A2250755EE0009E3E0;
					};
					85B6B1C3250755F20009E3E0 = {
						CreatedOnToolsVersion = 12.0;
						TestTargetID = 85B6B1A2250755EE0009E3E0;
					};
				};
			};
			buildConfigurationList = 85B6B19E250755EE0009E3E0 /* Build configuration list for PBXProject "newxcode" */;
			compatibilityVersion = "Xcode 9.3";
			developmentRegion = en;
			hasScannedForEncodings = 0;
			knownRegions = (
				en,
				Base,
			);
			mainGroup = 85B6B19A250755EE0009E3E0;
			packageReferences = (
				853E187F250D0A6700E94CC3 /* XCRemoteSwiftPackageReference "swiftui-navigation-stack" */,
			);
			productRefGroup = 85B6B1A4250755EE0009E3E0 /* Products */;
			projectDirPath = "";
			projectRoot = "";
			targets = (
				85B6B1A2250755EE0009E3E0 /* newxcode */,
				85B6B1B8250755F20009E3E0 /* newxcodeTests */,
				85B6B1C3250755F20009E3E0 /* newxcodeUITests */,
			);
		};
/* End PBXProject section */

/* Begin PBXResourcesBuildPhase section */
		85B6B1A1250755EE0009E3E0 /* Resources */ = {
			isa = PBXResourcesBuildPhase;
			buildActionMask = 2147483647;
			files = (
				85B6B1B3250755F10009E3E0 /* LaunchScreen.storyboard in Resources */,
				85B6B1B0250755F10009E3E0 /* Preview Assets.xcassets in Resources */,
				85B6B1AD250755F10009E3E0 /* Assets.xcassets in Resources */,
			);
			runOnlyForDeploymentPostprocessing = 0;
		};
		85B6B1B7250755F20009E3E0 /* Resources */ = {
			isa = PBXResourcesBuildPhase;
			buildActionMask = 2147483647;
			files = (
			);
			runOnlyForDeploymentPostprocessing = 0;
		};
		85B6B1C2250755F20009E3E0 /* Resources */ = {
			isa = PBXResourcesBuildPhase;
			buildActionMask = 2147483647;
			files = (
			);
			runOnlyForDeploymentPostprocessing = 0;
		};
/* End PBXResourcesBuildPhase section */

/* Begin PBXSourcesBuildPhase section */
		85B6B19F250755EE0009E3E0 /* Sources */ = {
			isa = PBXSourcesBuildPhase;
			buildActionMask = 2147483647;
			files = (
				85991D66250B997A008E7DE6 /* MenuButtonView.swift in Sources */,
				85B6B1A7250755EE0009E3E0 /* AppDelegate.swift in Sources */,
				853E1889250F50B400E94CC3 /* HostingController.swift in Sources */,
				85991D5A250A9D2F008E7DE6 /* MapView.swift in Sources */,
				853E1885250F4EEB00E94CC3 /* StatusBarStyleKey.swift in Sources */,
				85991D6D250BB26B008E7DE6 /* LocationHandler.swift in Sources */,
				85991D5E250B9716008E7DE6 /* MenuItemView.swift in Sources */,
				85991D72250CB7AA008E7DE6 /* MenuRouter.swift in Sources */,
				85991D68250B9B7D008E7DE6 /* BlackView.swift in Sources */,
				85991D60250B97DC008E7DE6 /* Constants.swift in Sources */,
				853E188B250F5A0800E94CC3 /* NavigationHeaderView.swift in Sources */,
				85B6B1A9250755EE0009E3E0 /* SceneDelegate.swift in Sources */,
				85991D6B250B9CB1008E7DE6 /* MenuView.swift in Sources */,
				85991D62250B9850008E7DE6 /* BookLessonActivationView.swift in Sources */,
				85991D5C250B96B6008E7DE6 /* UserData.swift in Sources */,
				85B6B1AB250755EE0009E3E0 /* HomeView.swift in Sources */,
				853E1883250F3C6E00E94CC3 /* Extensions.swift in Sources */,
			);
			runOnlyForDeploymentPostprocessing = 0;
		};
		85B6B1B5250755F20009E3E0 /* Sources */ = {
			isa = PBXSourcesBuildPhase;
			buildActionMask = 2147483647;
			files = (
				85B6B1BE250755F20009E3E0 /* newxcodeTests.swift in Sources */,
			);
			runOnlyForDeploymentPostprocessing = 0;
		};
		85B6B1C0250755F20009E3E0 /* Sources */ = {
			isa = PBXSourcesBuildPhase;
			buildActionMask = 2147483647;
			files = (
				85B6B1C9250755F20009E3E0 /* newxcodeUITests.swift in Sources */,
			);
			runOnlyForDeploymentPostprocessing = 0;
		};
/* End PBXSourcesBuildPhase section */

/* Begin PBXTargetDependency section */
		85B6B1BB250755F20009E3E0 /* PBXTargetDependency */ = {
			isa = PBXTargetDependency;
			target = 85B6B1A2250755EE0009E3E0 /* newxcode */;
			targetProxy = 85B6B1BA250755F20009E3E0 /* PBXContainerItemProxy */;
		};
		85B6B1C6250755F20009E3E0 /* PBXTargetDependency */ = {
			isa = PBXTargetDependency;
			target = 85B6B1A2250755EE0009E3E0 /* newxcode */;
			targetProxy = 85B6B1C5250755F20009E3E0 /* PBXContainerItemProxy */;
		};
/* End PBXTargetDependency section */

/* Begin PBXVariantGroup section */
		85B6B1B1250755F10009E3E0 /* LaunchScreen.storyboard */ = {
			isa = PBXVariantGroup;
			children = (
				85B6B1B2250755F10009E3E0 /* Base */,
			);
			name = LaunchScreen.storyboard;
			sourceTree = "<group>";
		};
/* End PBXVariantGroup section */

/* Begin XCBuildConfiguration section */
		85B6B1CB250755F20009E3E0 /* Debug */ = {
			isa = XCBuildConfiguration;
			buildSettings = {
				ALWAYS_SEARCH_USER_PATHS = NO;
				CLANG_ANALYZER_NONNULL = YES;
				CLANG_ANALYZER_NUMBER_OBJECT_CONVERSION = YES_AGGRESSIVE;
				CLANG_CXX_LANGUAGE_STANDARD = "gnu++14";
				CLANG_CXX_LIBRARY = "libc++";
				CLANG_ENABLE_MODULES = YES;
				CLANG_ENABLE_OBJC_ARC = YES;
				CLANG_ENABLE_OBJC_WEAK = YES;
				CLANG_WARN_BLOCK_CAPTURE_AUTORELEASING = YES;
				CLANG_WARN_BOOL_CONVERSION = YES;
				CLANG_WARN_COMMA = YES;
				CLANG_WARN_CONSTANT_CONVERSION = YES;
				CLANG_WARN_DEPRECATED_OBJC_IMPLEMENTATIONS = YES;
				CLANG_WARN_DIRECT_OBJC_ISA_USAGE = YES_ERROR;
				CLANG_WARN_DOCUMENTATION_COMMENTS = YES;
				CLANG_WARN_EMPTY_BODY = YES;
				CLANG_WARN_ENUM_CONVERSION = YES;
				CLANG_WARN_INFINITE_RECURSION = YES;
				CLANG_WARN_INT_CONVERSION = YES;
				CLANG_WARN_NON_LITERAL_NULL_CONVERSION = YES;
				CLANG_WARN_OBJC_IMPLICIT_RETAIN_SELF = YES;
				CLANG_WARN_OBJC_LITERAL_CONVERSION = YES;
				CLANG_WARN_OBJC_ROOT_CLASS = YES_ERROR;
				CLANG_WARN_QUOTED_INCLUDE_IN_FRAMEWORK_HEADER = YES;
				CLANG_WARN_RANGE_LOOP_ANALYSIS = YES;
				CLANG_WARN_STRICT_PROTOTYPES = YES;
				CLANG_WARN_SUSPICIOUS_MOVE = YES;
				CLANG_WARN_UNGUARDED_AVAILABILITY = YES_AGGRESSIVE;
				CLANG_WARN_UNREACHABLE_CODE = YES;
				CLANG_WARN__DUPLICATE_METHOD_MATCH = YES;
				COPY_PHASE_STRIP = NO;
				DEBUG_INFORMATION_FORMAT = dwarf;
				ENABLE_STRICT_OBJC_MSGSEND = YES;
				ENABLE_TESTABILITY = YES;
				GCC_C_LANGUAGE_STANDARD = gnu11;
				GCC_DYNAMIC_NO_PIC = NO;
				GCC_NO_COMMON_BLOCKS = YES;
				GCC_OPTIMIZATION_LEVEL = 0;
				GCC_PREPROCESSOR_DEFINITIONS = (
					"DEBUG=1",
					"$(inherited)",
				);
				GCC_WARN_64_TO_32_BIT_CONVERSION = YES;
				GCC_WARN_ABOUT_RETURN_TYPE = YES_ERROR;
				GCC_WARN_UNDECLARED_SELECTOR = YES;
				GCC_WARN_UNINITIALIZED_AUTOS = YES_AGGRESSIVE;
				GCC_WARN_UNUSED_FUNCTION = YES;
				GCC_WARN_UNUSED_VARIABLE = YES;
				IPHONEOS_DEPLOYMENT_TARGET = 14.0;
				MTL_ENABLE_DEBUG_INFO = INCLUDE_SOURCE;
				MTL_FAST_MATH = YES;
				ONLY_ACTIVE_ARCH = YES;
				SDKROOT = iphoneos;
				SWIFT_ACTIVE_COMPILATION_CONDITIONS = DEBUG;
				SWIFT_OPTIMIZATION_LEVEL = "-Onone";
			};
			name = Debug;
		};
		85B6B1CC250755F20009E3E0 /* Release */ = {
			isa = XCBuildConfiguration;
			buildSettings = {
				ALWAYS_SEARCH_USER_PATHS = NO;
				CLANG_ANALYZER_NONNULL = YES;
				CLANG_ANALYZER_NUMBER_OBJECT_CONVERSION = YES_AGGRESSIVE;
				CLANG_CXX_LANGUAGE_STANDARD = "gnu++14";
				CLANG_CXX_LIBRARY = "libc++";
				CLANG_ENABLE_MODULES = YES;
				CLANG_ENABLE_OBJC_ARC = YES;
				CLANG_ENABLE_OBJC_WEAK = YES;
				CLANG_WARN_BLOCK_CAPTURE_AUTORELEASING = YES;
				CLANG_WARN_BOOL_CONVERSION = YES;
				CLANG_WARN_COMMA = YES;
				CLANG_WARN_CONSTANT_CONVERSION = YES;
				CLANG_WARN_DEPRECATED_OBJC_IMPLEMENTATIONS = YES;
				CLANG_WARN_DIRECT_OBJC_ISA_USAGE = YES_ERROR;
				CLANG_WARN_DOCUMENTATION_COMMENTS = YES;
				CLANG_WARN_EMPTY_BODY = YES;
				CLANG_WARN_ENUM_CONVERSION = YES;
				CLANG_WARN_INFINITE_RECURSION = YES;
				CLANG_WARN_INT_CONVERSION = YES;
				CLANG_WARN_NON_LITERAL_NULL_CONVERSION = YES;
				CLANG_WARN_OBJC_IMPLICIT_RETAIN_SELF = YES;
				CLANG_WARN_OBJC_LITERAL_CONVERSION = YES;
				CLANG_WARN_OBJC_ROOT_CLASS = YES_ERROR;
				CLANG_WARN_QUOTED_INCLUDE_IN_FRAMEWORK_HEADER = YES;
				CLANG_WARN_RANGE_LOOP_ANALYSIS = YES;
				CLANG_WARN_STRICT_PROTOTYPES = YES;
				CLANG_WARN_SUSPICIOUS_MOVE = YES;
				CLANG_WARN_UNGUARDED_AVAILABILITY = YES_AGGRESSIVE;
				CLANG_WARN_UNREACHABLE_CODE = YES;
				CLANG_WARN__DUPLICATE_METHOD_MATCH = YES;
				COPY_PHASE_STRIP = NO;
				DEBUG_INFORMATION_FORMAT = "dwarf-with-dsym";
				ENABLE_NS_ASSERTIONS = NO;
				ENABLE_STRICT_OBJC_MSGSEND = YES;
				GCC_C_LANGUAGE_STANDARD = gnu11;
				GCC_NO_COMMON_BLOCKS = YES;
				GCC_WARN_64_TO_32_BIT_CONVERSION = YES;
				GCC_WARN_ABOUT_RETURN_TYPE = YES_ERROR;
				GCC_WARN_UNDECLARED_SELECTOR = YES;
				GCC_WARN_UNINITIALIZED_AUTOS = YES_AGGRESSIVE;
				GCC_WARN_UNUSED_FUNCTION = YES;
				GCC_WARN_UNUSED_VARIABLE = YES;
				IPHONEOS_DEPLOYMENT_TARGET = 14.0;
				MTL_ENABLE_DEBUG_INFO = NO;
				MTL_FAST_MATH = YES;
				SDKROOT = iphoneos;
				SWIFT_COMPILATION_MODE = wholemodule;
				SWIFT_OPTIMIZATION_LEVEL = "-O";
				VALIDATE_PRODUCT = YES;
			};
			name = Release;
		};
		85B6B1CE250755F20009E3E0 /* Debug */ = {
			isa = XCBuildConfiguration;
			buildSettings = {
				ASSETCATALOG_COMPILER_APPICON_NAME = AppIcon;
				ASSETCATALOG_COMPILER_GLOBAL_ACCENT_COLOR_NAME = AccentColor;
				CODE_SIGN_STYLE = Automatic;
				DEVELOPMENT_ASSET_PATHS = "\"newxcode/Preview Content\"";
				DEVELOPMENT_TEAM = LL8644SZWY;
				ENABLE_PREVIEWS = YES;
				INFOPLIST_FILE = newxcode/Info.plist;
				LD_RUNPATH_SEARCH_PATHS = (
					"$(inherited)",
					"@executable_path/Frameworks",
				);
				PRODUCT_BUNDLE_IDENTIFIER = co.usemee.newxcode;
				PRODUCT_NAME = "$(TARGET_NAME)";
				SWIFT_VERSION = 5.0;
				TARGETED_DEVICE_FAMILY = "1,2";
			};
			name = Debug;
		};
		85B6B1CF250755F20009E3E0 /* Release */ = {
			isa = XCBuildConfiguration;
			buildSettings = {
				ASSETCATALOG_COMPILER_APPICON_NAME = AppIcon;
				ASSETCATALOG_COMPILER_GLOBAL_ACCENT_COLOR_NAME = AccentColor;
				CODE_SIGN_STYLE = Automatic;
				DEVELOPMENT_ASSET_PATHS = "\"newxcode/Preview Content\"";
				DEVELOPMENT_TEAM = LL8644SZWY;
				ENABLE_PREVIEWS = YES;
				INFOPLIST_FILE = newxcode/Info.plist;
				LD_RUNPATH_SEARCH_PATHS = (
					"$(inherited)",
					"@executable_path/Frameworks",
				);
				PRODUCT_BUNDLE_IDENTIFIER = co.usemee.newxcode;
				PRODUCT_NAME = "$(TARGET_NAME)";
				SWIFT_VERSION = 5.0;
				TARGETED_DEVICE_FAMILY = "1,2";
			};
			name = Release;
		};
		85B6B1D1250755F20009E3E0 /* Debug */ = {
			isa = XCBuildConfiguration;
			buildSettings = {
				ALWAYS_EMBED_SWIFT_STANDARD_LIBRARIES = YES;
				BUNDLE_LOADER = "$(TEST_HOST)";
				CODE_SIGN_STYLE = Automatic;
				DEVELOPMENT_TEAM = LL8644SZWY;
				INFOPLIST_FILE = newxcodeTests/Info.plist;
				IPHONEOS_DEPLOYMENT_TARGET = 14.0;
				LD_RUNPATH_SEARCH_PATHS = (
					"$(inherited)",
					"@executable_path/Frameworks",
					"@loader_path/Frameworks",
				);
				PRODUCT_BUNDLE_IDENTIFIER = co.usemee.newxcodeTests;
				PRODUCT_NAME = "$(TARGET_NAME)";
				SWIFT_VERSION = 5.0;
				TARGETED_DEVICE_FAMILY = "1,2";
				TEST_HOST = "$(BUILT_PRODUCTS_DIR)/newxcode.app/newxcode";
			};
			name = Debug;
		};
		85B6B1D2250755F20009E3E0 /* Release */ = {
			isa = XCBuildConfiguration;
			buildSettings = {
				ALWAYS_EMBED_SWIFT_STANDARD_LIBRARIES = YES;
				BUNDLE_LOADER = "$(TEST_HOST)";
				CODE_SIGN_STYLE = Automatic;
				DEVELOPMENT_TEAM = LL8644SZWY;
				INFOPLIST_FILE = newxcodeTests/Info.plist;
				IPHONEOS_DEPLOYMENT_TARGET = 14.0;
				LD_RUNPATH_SEARCH_PATHS = (
					"$(inherited)",
					"@executable_path/Frameworks",
					"@loader_path/Frameworks",
				);
				PRODUCT_BUNDLE_IDENTIFIER = co.usemee.newxcodeTests;
				PRODUCT_NAME = "$(TARGET_NAME)";
				SWIFT_VERSION = 5.0;
				TARGETED_DEVICE_FAMILY = "1,2";
				TEST_HOST = "$(BUILT_PRODUCTS_DIR)/newxcode.app/newxcode";
			};
			name = Release;
		};
		85B6B1D4250755F20009E3E0 /* Debug */ = {
			isa = XCBuildConfiguration;
			buildSettings = {
				ALWAYS_EMBED_SWIFT_STANDARD_LIBRARIES = YES;
				CODE_SIGN_STYLE = Automatic;
				DEVELOPMENT_TEAM = LL8644SZWY;
				INFOPLIST_FILE = newxcodeUITests/Info.plist;
				LD_RUNPATH_SEARCH_PATHS = (
					"$(inherited)",
					"@executable_path/Frameworks",
					"@loader_path/Frameworks",
				);
				PRODUCT_BUNDLE_IDENTIFIER = co.usemee.newxcodeUITests;
				PRODUCT_NAME = "$(TARGET_NAME)";
				SWIFT_VERSION = 5.0;
				TARGETED_DEVICE_FAMILY = "1,2";
				TEST_TARGET_NAME = newxcode;
			};
			name = Debug;
		};
		85B6B1D5250755F20009E3E0 /* Release */ = {
			isa = XCBuildConfiguration;
			buildSettings = {
				ALWAYS_EMBED_SWIFT_STANDARD_LIBRARIES = YES;
				CODE_SIGN_STYLE = Automatic;
				DEVELOPMENT_TEAM = LL8644SZWY;
				INFOPLIST_FILE = newxcodeUITests/Info.plist;
				LD_RUNPATH_SEARCH_PATHS = (
					"$(inherited)",
					"@executable_path/Frameworks",
					"@loader_path/Frameworks",
				);
				PRODUCT_BUNDLE_IDENTIFIER = co.usemee.newxcodeUITests;
				PRODUCT_NAME = "$(TARGET_NAME)";
				SWIFT_VERSION = 5.0;
				TARGETED_DEVICE_FAMILY = "1,2";
				TEST_TARGET_NAME = newxcode;
			};
			name = Release;
		};
/* End XCBuildConfiguration section */

/* Begin XCConfigurationList section */
		85B6B19E250755EE0009E3E0 /* Build configuration list for PBXProject "newxcode" */ = {
			isa = XCConfigurationList;
			buildConfigurations = (
				85B6B1CB250755F20009E3E0 /* Debug */,
				85B6B1CC250755F20009E3E0 /* Release */,
			);
			defaultConfigurationIsVisible = 0;
			defaultConfigurationName = Release;
		};
		85B6B1CD250755F20009E3E0 /* Build configuration list for PBXNativeTarget "newxcode" */ = {
			isa = XCConfigurationList;
			buildConfigurations = (
				85B6B1CE250755F20009E3E0 /* Debug */,
				85B6B1CF250755F20009E3E0 /* Release */,
			);
			defaultConfigurationIsVisible = 0;
			defaultConfigurationName = Release;
		};
		85B6B1D0250755F20009E3E0 /* Build configuration list for PBXNativeTarget "newxcodeTests" */ = {
			isa = XCConfigurationList;
			buildConfigurations = (
				85B6B1D1250755F20009E3E0 /* Debug */,
				85B6B1D2250755F20009E3E0 /* Release */,
			);
			defaultConfigurationIsVisible = 0;
			defaultConfigurationName = Release;
		};
		85B6B1D3250755F20009E3E0 /* Build configuration list for PBXNativeTarget "newxcodeUITests" */ = {
			isa = XCConfigurationList;
			buildConfigurations = (
				85B6B1D4250755F20009E3E0 /* Debug */,
				85B6B1D5250755F20009E3E0 /* Release */,
			);
			defaultConfigurationIsVisible = 0;
			defaultConfigurationName = Release;
		};
/* End XCConfigurationList section */

/* Begin XCRemoteSwiftPackageReference section */
		853E187F250D0A6700E94CC3 /* XCRemoteSwiftPackageReference "swiftui-navigation-stack" */ = {
			isa = XCRemoteSwiftPackageReference;
			repositoryURL = "https://github.com/biobeats/swiftui-navigation-stack.git";
			requirement = {
				kind = upToNextMajorVersion;
				minimumVersion = 0.1.0;
			};
		};
/* End XCRemoteSwiftPackageReference section */

/* Begin XCSwiftPackageProductDependency section */
		853E1880250D0A6700E94CC3 /* NavigationStack */ = {
			isa = XCSwiftPackageProductDependency;
			package = 853E187F250D0A6700E94CC3 /* XCRemoteSwiftPackageReference "swiftui-navigation-stack" */;
			productName = NavigationStack;
		};
/* End XCSwiftPackageProductDependency section */
	};
	rootObject = 85B6B19B250755EE0009E3E0 /* Project object */;
}
